
Microsoft Visual Studio Solution File, Format Version 12.00
# Visual Studio Version 16
VisualStudioVersion = 16.0.30309.148
MinimumVisualStudioVersion = 10.0.40219.1
Project("{9A19103F-16F7-4668-BE54-9A1E7A4F7556}") = "Pet.Game.API", "Pet.Game.API\Pet.Game.API.csproj", "{16508B06-9AEB-4E51-8FF1-253288C29504}"
EndProject
Project("{9A19103F-16F7-4668-BE54-9A1E7A4F7556}") = "Pet.Game.Infrastructure", "Pet.Game.Infrastructure\Pet.Game.Infrastructure.csproj", "{57316712-96CE-4131-8570-14CF2D92DA24}"
EndProject
Project("{2150E333-8FDC-42A3-9474-1A3956D46DE8}") = "Tests", "Tests", "{A62B4BEA-8199-4C54-B52E-BB48E5174C7A}"
EndProject
Project("{9A19103F-16F7-4668-BE54-9A1E7A4F7556}") = "Pet.Game.API.Tests", "Pet.Game.API.Tests\Pet.Game.API.Tests.csproj", "{37CFDFB4-15AF-4DBB-811E-6E8C175E9903}"
EndProject
Project("{9A19103F-16F7-4668-BE54-9A1E7A4F7556}") = "Pet.Game.Infrastructure.Tests", "Pet.Game.Infrastructure.Tests\Pet.Game.Infrastructure.Tests.csproj", "{010A0C69-8ADE-4F2B-BD30-B10B2127E9F1}"
EndProject
Project("{FAE04EC0-301F-11D3-BF4B-00C04F79EFBC}") = "Pet.Game.WorkerService", "Pet.Game.WorkerService\Pet.Game.WorkerService.csproj", "{A82FD055-D4A1-49D9-A27E-EE9B3D874BED}"
EndProject
Project("{2150E333-8FDC-42A3-9474-1A3956D46DE8}") = "Domain", "Domain", "{6A81C460-784C-4F5E-9073-5EDE349BE096}"
EndProject
Project("{2150E333-8FDC-42A3-9474-1A3956D46DE8}") = "App", "App", "{655B4BF3-E92D-4B50-BA27-B243153E8196}"
EndProject
Project("{FAE04EC0-301F-11D3-BF4B-00C04F79EFBC}") = "Pet.Game.Domain.Tests", "Pet.Game.Domain.Tests\Pet.Game.Domain.Tests.csproj", "{40E4DAE4-58C5-4D3C-A894-C4F9B2FB7A09}"
EndProject
Project("{2150E333-8FDC-42A3-9474-1A3956D46DE8}") = "Infrastructure", "Infrastructure", "{0FB13E94-4A30-478C-A6DB-7C3FF9CFC017}"
EndProject
Project("{9A19103F-16F7-4668-BE54-9A1E7A4F7556}") = "Pet.Game.Repository", "Pet.Game.Repository\Pet.Game.Repository.csproj", "{D3764596-7B88-4BCF-8D4B-D6B9A2BE48BB}"
EndProject
Project("{9A19103F-16F7-4668-BE54-9A1E7A4F7556}") = "Pet.Game.Domain", "Pet.Game.Domain\Pet.Game.Domain.csproj", "{E44DD416-CA24-4BDD-8AB3-FB3350F4E7B5}"
EndProject
Project("{FAE04EC0-301F-11D3-BF4B-00C04F79EFBC}") = "Pet.Game.Repository.Tests", "Pet.Game.Repository.Tests\Pet.Game.Repository.Tests.csproj", "{9EF66D92-2287-4CF0-BCDC-C05AB8CEA902}"
EndProject
Global
	GlobalSection(SolutionConfigurationPlatforms) = preSolution
		Debug|Any CPU = Debug|Any CPU
		Release|Any CPU = Release|Any CPU
	EndGlobalSection
	GlobalSection(ProjectConfigurationPlatforms) = postSolution
		{16508B06-9AEB-4E51-8FF1-253288C29504}.Debug|Any CPU.ActiveCfg = Debug|Any CPU
		{16508B06-9AEB-4E51-8FF1-253288C29504}.Debug|Any CPU.Build.0 = Debug|Any CPU
		{16508B06-9AEB-4E51-8FF1-253288C29504}.Release|Any CPU.ActiveCfg = Release|Any CPU
		{16508B06-9AEB-4E51-8FF1-253288C29504}.Release|Any CPU.Build.0 = Release|Any CPU
		{57316712-96CE-4131-8570-14CF2D92DA24}.Debug|Any CPU.ActiveCfg = Debug|Any CPU
		{57316712-96CE-4131-8570-14CF2D92DA24}.Debug|Any CPU.Build.0 = Debug|Any CPU
		{57316712-96CE-4131-8570-14CF2D92DA24}.Release|Any CPU.ActiveCfg = Release|Any CPU
		{57316712-96CE-4131-8570-14CF2D92DA24}.Release|Any CPU.Build.0 = Release|Any CPU
		{37CFDFB4-15AF-4DBB-811E-6E8C175E9903}.Debug|Any CPU.ActiveCfg = Debug|Any CPU
		{37CFDFB4-15AF-4DBB-811E-6E8C175E9903}.Debug|Any CPU.Build.0 = Debug|Any CPU
		{37CFDFB4-15AF-4DBB-811E-6E8C175E9903}.Release|Any CPU.ActiveCfg = Release|Any CPU
		{37CFDFB4-15AF-4DBB-811E-6E8C175E9903}.Release|Any CPU.Build.0 = Release|Any CPU
		{010A0C69-8ADE-4F2B-BD30-B10B2127E9F1}.Debug|Any CPU.ActiveCfg = Debug|Any CPU
		{010A0C69-8ADE-4F2B-BD30-B10B2127E9F1}.Debug|Any CPU.Build.0 = Debug|Any CPU
		{010A0C69-8ADE-4F2B-BD30-B10B2127E9F1}.Release|Any CPU.ActiveCfg = Release|Any CPU
		{010A0C69-8ADE-4F2B-BD30-B10B2127E9F1}.Release|Any CPU.Build.0 = Release|Any CPU
		{A82FD055-D4A1-49D9-A27E-EE9B3D874BED}.Debug|Any CPU.ActiveCfg = Debug|Any CPU
		{A82FD055-D4A1-49D9-A27E-EE9B3D874BED}.Debug|Any CPU.Build.0 = Debug|Any CPU
		{A82FD055-D4A1-49D9-A27E-EE9B3D874BED}.Release|Any CPU.ActiveCfg = Release|Any CPU
		{A82FD055-D4A1-49D9-A27E-EE9B3D874BED}.Release|Any CPU.Build.0 = Release|Any CPU
		{40E4DAE4-58C5-4D3C-A894-C4F9B2FB7A09}.Debug|Any CPU.ActiveCfg = Debug|Any CPU
		{40E4DAE4-58C5-4D3C-A894-C4F9B2FB7A09}.Debug|Any CPU.Build.0 = Debug|Any CPU
		{40E4DAE4-58C5-4D3C-A894-C4F9B2FB7A09}.Release|Any CPU.ActiveCfg = Release|Any CPU
		{40E4DAE4-58C5-4D3C-A894-C4F9B2FB7A09}.Release|Any CPU.Build.0 = Release|Any CPU
		{D3764596-7B88-4BCF-8D4B-D6B9A2BE48BB}.Debug|Any CPU.ActiveCfg = Debug|Any CPU
		{D3764596-7B88-4BCF-8D4B-D6B9A2BE48BB}.Debug|Any CPU.Build.0 = Debug|Any CPU
		{D3764596-7B88-4BCF-8D4B-D6B9A2BE48BB}.Release|Any CPU.ActiveCfg = Release|Any CPU
		{D3764596-7B88-4BCF-8D4B-D6B9A2BE48BB}.Release|Any CPU.Build.0 = Release|Any CPU
		{E44DD416-CA24-4BDD-8AB3-FB3350F4E7B5}.Debug|Any CPU.ActiveCfg = Debug|Any CPU
		{E44DD416-CA24-4BDD-8AB3-FB3350F4E7B5}.Debug|Any CPU.Build.0 = Debug|Any CPU
		{E44DD416-CA24-4BDD-8AB3-FB3350F4E7B5}.Release|Any CPU.ActiveCfg = Release|Any CPU
		{E44DD416-CA24-4BDD-8AB3-FB3350F4E7B5}.Release|Any CPU.Build.0 = Release|Any CPU
		{9EF66D92-2287-4CF0-BCDC-C05AB8CEA902}.Debug|Any CPU.ActiveCfg = Debug|Any CPU
		{9EF66D92-2287-4CF0-BCDC-C05AB8CEA902}.Debug|Any CPU.Build.0 = Debug|Any CPU
		{9EF66D92-2287-4CF0-BCDC-C05AB8CEA902}.Release|Any CPU.ActiveCfg = Release|Any CPU
		{9EF66D92-2287-4CF0-BCDC-C05AB8CEA902}.Release|Any CPU.Build.0 = Release|Any CPU
	EndGlobalSection
	GlobalSection(SolutionProperties) = preSolution
		HideSolutionNode = FALSE
	EndGlobalSection
	GlobalSection(NestedProjects) = preSolution
		{16508B06-9AEB-4E51-8FF1-253288C29504} = {655B4BF3-E92D-4B50-BA27-B243153E8196}
		{57316712-96CE-4131-8570-14CF2D92DA24} = {0FB13E94-4A30-478C-A6DB-7C3FF9CFC017}
		{37CFDFB4-15AF-4DBB-811E-6E8C175E9903} = {A62B4BEA-8199-4C54-B52E-BB48E5174C7A}
		{010A0C69-8ADE-4F2B-BD30-B10B2127E9F1} = {A62B4BEA-8199-4C54-B52E-BB48E5174C7A}
		{A82FD055-D4A1-49D9-A27E-EE9B3D874BED} = {655B4BF3-E92D-4B50-BA27-B243153E8196}
		{40E4DAE4-58C5-4D3C-A894-C4F9B2FB7A09} = {A62B4BEA-8199-4C54-B52E-BB48E5174C7A}
		{D3764596-7B88-4BCF-8D4B-D6B9A2BE48BB} = {0FB13E94-4A30-478C-A6DB-7C3FF9CFC017}
		{E44DD416-CA24-4BDD-8AB3-FB3350F4E7B5} = {6A81C460-784C-4F5E-9073-5EDE349BE096}
		{9EF66D92-2287-4CF0-BCDC-C05AB8CEA902} = {A62B4BEA-8199-4C54-B52E-BB48E5174C7A}
	EndGlobalSection
	GlobalSection(ExtensibilityGlobals) = postSolution
		SolutionGuid = {EB12E4BC-5F40-4C9B-8E31-0B9B725B5CD7}
	EndGlobalSection
EndGlobal
